
Microsoft Visual Studio Solution File, Format Version 12.00
# Visual Studio Version 16
VisualStudioVersion = 16.0.31911.196
MinimumVisualStudioVersion = 10.0.40219.1
Project("{FAE04EC0-301F-11D3-BF4B-00C04F79EFBC}") = "RateLimiter", "RateLimiter.csproj", "{8F50EE35-D5C9-49D6-9DFD-3BB7016A1C81}"
EndProject
Global
	GlobalSection(SolutionConfigurationPlatforms) = preSolution
		Debug|Any CPU = Debug|Any CPU
		Release|Any CPU = Release|Any CPU
	EndGlobalSection
	GlobalSection(ProjectConfigurationPlatforms) = postSolution
		{8F50EE35-D5C9-49D6-9DFD-3BB7016A1C81}.Debug|Any CPU.ActiveCfg = Debug|Any CPU
		{8F50EE35-D5C9-49D6-9DFD-3BB7016A1C81}.Debug|Any CPU.Build.0 = Debug|Any CPU
		{8F50EE35-D5C9-49D6-9DFD-3BB7016A1C81}.Release|Any CPU.ActiveCfg = Release|Any CPU
		{8F50EE35-D5C9-49D6-9DFD-3BB7016A1C81}.Release|Any CPU.Build.0 = Release|Any CPU
	EndGlobalSection
	GlobalSection(SolutionProperties) = preSolution
		HideSolutionNode = FALSE
	EndGlobalSection
	GlobalSection(ExtensibilityGlobals) = postSolution
		SolutionGuid = {114087D0-49F3-4A9C-8CD6-1E78E23F49D9}
	EndGlobalSection
EndGlobal
